
Microsoft Visual Studio Solution File, Format Version 12.00
# Visual Studio Version 16
VisualStudioVersion = 16.0.29728.190
MinimumVisualStudioVersion = 10.0.40219.1
Project("{FAE04EC0-301F-11D3-BF4B-00C04F79EFBC}") = "1._1_WinWorms_SimpleApp", "1._1_WinWorms_SimpleApp\1._1_WinWorms_SimpleApp.csproj", "{1AF828FA-6C07-44AA-B8DE-9056903CD335}"
EndProject
Project("{FAE04EC0-301F-11D3-BF4B-00C04F79EFBC}") = "Hello_Core", "Hello_Core\Hello_Core.csproj", "{CF44EC94-F4D9-436F-92EC-E6EC8064ED87}"
EndProject
Global
	GlobalSection(SolutionConfigurationPlatforms) = preSolution
		Debug|Any CPU = Debug|Any CPU
		Release|Any CPU = Release|Any CPU
	EndGlobalSection
	GlobalSection(ProjectConfigurationPlatforms) = postSolution
		{1AF828FA-6C07-44AA-B8DE-9056903CD335}.Debug|Any CPU.ActiveCfg = Debug|Any CPU
		{1AF828FA-6C07-44AA-B8DE-9056903CD335}.Debug|Any CPU.Build.0 = Debug|Any CPU
		{1AF828FA-6C07-44AA-B8DE-9056903CD335}.Release|Any CPU.ActiveCfg = Release|Any CPU
		{1AF828FA-6C07-44AA-B8DE-9056903CD335}.Release|Any CPU.Build.0 = Release|Any CPU
		{CF44EC94-F4D9-436F-92EC-E6EC8064ED87}.Debug|Any CPU.ActiveCfg = Debug|Any CPU
		{CF44EC94-F4D9-436F-92EC-E6EC8064ED87}.Debug|Any CPU.Build.0 = Debug|Any CPU
		{CF44EC94-F4D9-436F-92EC-E6EC8064ED87}.Release|Any CPU.ActiveCfg = Release|Any CPU
		{CF44EC94-F4D9-436F-92EC-E6EC8064ED87}.Release|Any CPU.Build.0 = Release|Any CPU
	EndGlobalSection
	GlobalSection(SolutionProperties) = preSolution
		HideSolutionNode = FALSE
	EndGlobalSection
	GlobalSection(ExtensibilityGlobals) = postSolution
		SolutionGuid = {88D3A1BC-5EB3-4797-9469-C5E3F15CF81C}
	EndGlobalSection
EndGlobal
